
Microsoft Visual Studio Solution File, Format Version 12.00
# Visual Studio Version 17
VisualStudioVersion = 17.8.34330.188
MinimumVisualStudioVersion = 10.0.40219.1
Project("{FAE04EC0-301F-11D3-BF4B-00C04F79EFBC}") = "GitPong", "GitPong\GitPong.csproj", "{48A1DB2D-C194-4474-B4B5-F402F246388F}"
EndProject
Global
	GlobalSection(SolutionConfigurationPlatforms) = preSolution
		Debug|Any CPU = Debug|Any CPU
		Release|Any CPU = Release|Any CPU
	EndGlobalSection
	GlobalSection(ProjectConfigurationPlatforms) = postSolution
		{48A1DB2D-C194-4474-B4B5-F402F246388F}.Debug|Any CPU.ActiveCfg = Debug|Any CPU
		{48A1DB2D-C194-4474-B4B5-F402F246388F}.Debug|Any CPU.Build.0 = Debug|Any CPU
		{48A1DB2D-C194-4474-B4B5-F402F246388F}.Release|Any CPU.ActiveCfg = Release|Any CPU
		{48A1DB2D-C194-4474-B4B5-F402F246388F}.Release|Any CPU.Build.0 = Release|Any CPU
	EndGlobalSection
	GlobalSection(SolutionProperties) = preSolution
		HideSolutionNode = FALSE
	EndGlobalSection
	GlobalSection(ExtensibilityGlobals) = postSolution
		SolutionGuid = {728893C6-8663-4CF5-AC38-BFD602A5BBA7}
	EndGlobalSection
EndGlobal
